
Microsoft Visual Studio Solution File, Format Version 12.00
# Visual Studio 14
VisualStudioVersion = 14.0.22823.1
MinimumVisualStudioVersion = 10.0.40219.1
Project("{FAE04EC0-301F-11D3-BF4B-00C04F79EFBC}") = "Common", "Contracts\Common.csproj", "{A283D3F9-3BCF-405C-A4C8-37CB73AB6B0E}"
EndProject
Project("{FAE04EC0-301F-11D3-BF4B-00C04F79EFBC}") = "DataTypes", "DataTypes\DataTypes.csproj", "{CB604D32-D358-4F90-9D4A-DF5A6DC5D9DF}"
EndProject
Project("{FAE04EC0-301F-11D3-BF4B-00C04F79EFBC}") = "Nodes", "Nodes\Nodes.csproj", "{A9F4E2B5-C928-44F3-B5FE-C54EDFDE617B}"
EndProject
Project("{FAE04EC0-301F-11D3-BF4B-00C04F79EFBC}") = "ConsoleApplication1", "ConsoleApplication1\ConsoleApplication1.csproj", "{FAAE3330-5A71-4CC0-BCC7-A1EBAA686171}"
EndProject
Global
	GlobalSection(SolutionConfigurationPlatforms) = preSolution
		Debug|Any CPU = Debug|Any CPU
		Release|Any CPU = Release|Any CPU
	EndGlobalSection
	GlobalSection(ProjectConfigurationPlatforms) = postSolution
		{A283D3F9-3BCF-405C-A4C8-37CB73AB6B0E}.Debug|Any CPU.ActiveCfg = Debug|Any CPU
		{A283D3F9-3BCF-405C-A4C8-37CB73AB6B0E}.Debug|Any CPU.Build.0 = Debug|Any CPU
		{A283D3F9-3BCF-405C-A4C8-37CB73AB6B0E}.Release|Any CPU.ActiveCfg = Release|Any CPU
		{A283D3F9-3BCF-405C-A4C8-37CB73AB6B0E}.Release|Any CPU.Build.0 = Release|Any CPU
		{CB604D32-D358-4F90-9D4A-DF5A6DC5D9DF}.Debug|Any CPU.ActiveCfg = Debug|Any CPU
		{CB604D32-D358-4F90-9D4A-DF5A6DC5D9DF}.Debug|Any CPU.Build.0 = Debug|Any CPU
		{CB604D32-D358-4F90-9D4A-DF5A6DC5D9DF}.Release|Any CPU.ActiveCfg = Release|Any CPU
		{CB604D32-D358-4F90-9D4A-DF5A6DC5D9DF}.Release|Any CPU.Build.0 = Release|Any CPU
		{A9F4E2B5-C928-44F3-B5FE-C54EDFDE617B}.Debug|Any CPU.ActiveCfg = Debug|Any CPU
		{A9F4E2B5-C928-44F3-B5FE-C54EDFDE617B}.Debug|Any CPU.Build.0 = Debug|Any CPU
		{A9F4E2B5-C928-44F3-B5FE-C54EDFDE617B}.Release|Any CPU.ActiveCfg = Release|Any CPU
		{A9F4E2B5-C928-44F3-B5FE-C54EDFDE617B}.Release|Any CPU.Build.0 = Release|Any CPU
		{FAAE3330-5A71-4CC0-BCC7-A1EBAA686171}.Debug|Any CPU.ActiveCfg = Debug|Any CPU
		{FAAE3330-5A71-4CC0-BCC7-A1EBAA686171}.Debug|Any CPU.Build.0 = Debug|Any CPU
		{FAAE3330-5A71-4CC0-BCC7-A1EBAA686171}.Release|Any CPU.ActiveCfg = Release|Any CPU
		{FAAE3330-5A71-4CC0-BCC7-A1EBAA686171}.Release|Any CPU.Build.0 = Release|Any CPU
	EndGlobalSection
	GlobalSection(SolutionProperties) = preSolution
		HideSolutionNode = FALSE
	EndGlobalSection
EndGlobal
